// !$*UTF8*$!
{
	archiveVersion = 1;
	classes = {
	};
	objectVersion = 50;
	objects = {

/* Begin PBXBuildFile section */
		370DAF6B24B504B400D4789B /* AppDelegate.swift in Sources */ = {isa = PBXBuildFile; fileRef = 370DAF6A24B504B400D4789B /* AppDelegate.swift */; };
		370DAF6D24B504B400D4789B /* SceneDelegate.swift in Sources */ = {isa = PBXBuildFile; fileRef = 370DAF6C24B504B400D4789B /* SceneDelegate.swift */; };
		370DAF6F24B504B400D4789B /* ContentView.swift in Sources */ = {isa = PBXBuildFile; fileRef = 370DAF6E24B504B400D4789B /* ContentView.swift */; };
		370DAF7124B504B700D4789B /* Assets.xcassets in Resources */ = {isa = PBXBuildFile; fileRef = 370DAF7024B504B700D4789B /* Assets.xcassets */; };
		370DAF7424B504B700D4789B /* Preview Assets.xcassets in Resources */ = {isa = PBXBuildFile; fileRef = 370DAF7324B504B700D4789B /* Preview Assets.xcassets */; };
		370DAF7724B504B700D4789B /* LaunchScreen.storyboard in Resources */ = {isa = PBXBuildFile; fileRef = 370DAF7524B504B700D4789B /* LaunchScreen.storyboard */; };
		3795A16F24B50EB500AF265A /* PhotoViewer.swift in Sources */ = {isa = PBXBuildFile; fileRef = 3795A16E24B50EB500AF265A /* PhotoViewer.swift */; };
		3795A17124B51A4900AF265A /* PinchToZoom.swift in Sources */ = {isa = PBXBuildFile; fileRef = 3795A17024B51A4900AF265A /* PinchToZoom.swift */; };
		3795A17324B6147D00AF265A /* PageView.swift in Sources */ = {isa = PBXBuildFile; fileRef = 3795A17224B6147D00AF265A /* PageView.swift */; };
		3795A17524B6151D00AF265A /* SwiperView.swift in Sources */ = {isa = PBXBuildFile; fileRef = 3795A17424B6151D00AF265A /* SwiperView.swift */; };
		3795A17724B61DA100AF265A /* PageIndicatorButton.swift in Sources */ = {isa = PBXBuildFile; fileRef = 3795A17624B61DA100AF265A /* PageIndicatorButton.swift */; };
/* End PBXBuildFile section */

/* Begin PBXFileReference section */
		370DAF6724B504B400D4789B /* PDFAndImageViewer.app */ = {isa = PBXFileReference; explicitFileType = wrapper.application; includeInIndex = 0; path = PDFAndImageViewer.app; sourceTree = BUILT_PRODUCTS_DIR; };
		370DAF6A24B504B400D4789B /* AppDelegate.swift */ = {isa = PBXFileReference; lastKnownFileType = sourcecode.swift; path = AppDelegate.swift; sourceTree = "<group>"; };
		370DAF6C24B504B400D4789B /* SceneDelegate.swift */ = {isa = PBXFileReference; lastKnownFileType = sourcecode.swift; path = SceneDelegate.swift; sourceTree = "<group>"; };
		370DAF6E24B504B400D4789B /* ContentView.swift */ = {isa = PBXFileReference; lastKnownFileType = sourcecode.swift; path = ContentView.swift; sourceTree = "<group>"; };
		370DAF7024B504B700D4789B /* Assets.xcassets */ = {isa = PBXFileReference; lastKnownFileType = folder.assetcatalog; path = Assets.xcassets; sourceTree = "<group>"; };
		370DAF7324B504B700D4789B /* Preview Assets.xcassets */ = {isa = PBXFileReference; lastKnownFileType = folder.assetcatalog; path = "Preview Assets.xcassets"; sourceTree = "<group>"; };
		370DAF7624B504B700D4789B /* Base */ = {isa = PBXFileReference; lastKnownFileType = file.storyboard; name = Base; path = Base.lproj/LaunchScreen.storyboard; sourceTree = "<group>"; };
		370DAF7824B504B700D4789B /* Info.plist */ = {isa = PBXFileReference; lastKnownFileType = text.plist.xml; path = Info.plist; sourceTree = "<group>"; };
		3795A16E24B50EB500AF265A /* PhotoViewer.swift */ = {isa = PBXFileReference; lastKnownFileType = sourcecode.swift; path = PhotoViewer.swift; sourceTree = "<group>"; };
		3795A17024B51A4900AF265A /* PinchToZoom.swift */ = {isa = PBXFileReference; lastKnownFileType = sourcecode.swift; path = PinchToZoom.swift; sourceTree = "<group>"; };
		3795A17224B6147D00AF265A /* PageView.swift */ = {isa = PBXFileReference; lastKnownFileType = sourcecode.swift; path = PageView.swift; sourceTree = "<group>"; };
		3795A17424B6151D00AF265A /* SwiperView.swift */ = {isa = PBXFileReference; lastKnownFileType = sourcecode.swift; path = SwiperView.swift; sourceTree = "<group>"; };
		3795A17624B61DA100AF265A /* PageIndicatorButton.swift */ = {isa = PBXFileReference; lastKnownFileType = sourcecode.swift; path = PageIndicatorButton.swift; sourceTree = "<group>"; };
/* End PBXFileReference section */

/* Begin PBXFrameworksBuildPhase section */
		370DAF6424B504B400D4789B /* Frameworks */ = {
			isa = PBXFrameworksBuildPhase;
			buildActionMask = 2147483647;
			files = (
			);
			runOnlyForDeploymentPostprocessing = 0;
		};
/* End PBXFrameworksBuildPhase section */

/* Begin PBXGroup section */
		370DAF5E24B504B400D4789B = {
			isa = PBXGroup;
			children = (
				370DAF6924B504B400D4789B /* PDFAndImageViewer */,
				370DAF6824B504B400D4789B /* Products */,
			);
			sourceTree = "<group>";
		};
		370DAF6824B504B400D4789B /* Products */ = {
			isa = PBXGroup;
			children = (
				370DAF6724B504B400D4789B /* PDFAndImageViewer.app */,
			);
			name = Products;
			sourceTree = "<group>";
		};
		370DAF6924B504B400D4789B /* PDFAndImageViewer */ = {
			isa = PBXGroup;
			children = (
				370DAF6E24B504B400D4789B /* ContentView.swift */,
				3795A16E24B50EB500AF265A /* PhotoViewer.swift */,
				3795A17024B51A4900AF265A /* PinchToZoom.swift */,
				3795A17224B6147D00AF265A /* PageView.swift */,
				3795A17424B6151D00AF265A /* SwiperView.swift */,
				3795A17624B61DA100AF265A /* PageIndicatorButton.swift */,
				370DAF7024B504B700D4789B /* Assets.xcassets */,
				370DAF7E24B5063500D4789B /* System */,
				370DAF7224B504B700D4789B /* Preview Content */,
			);
			path = PDFAndImageViewer;
			sourceTree = "<group>";
		};
		370DAF7224B504B700D4789B /* Preview Content */ = {
			isa = PBXGroup;
			children = (
				370DAF7324B504B700D4789B /* Preview Assets.xcassets */,
			);
			path = "Preview Content";
			sourceTree = "<group>";
		};
		370DAF7E24B5063500D4789B /* System */ = {
			isa = PBXGroup;
			children = (
				370DAF7824B504B700D4789B /* Info.plist */,
				370DAF7524B504B700D4789B /* LaunchScreen.storyboard */,
				370DAF6A24B504B400D4789B /* AppDelegate.swift */,
				370DAF6C24B504B400D4789B /* SceneDelegate.swift */,
			);
			path = System;
			sourceTree = "<group>";
		};
/* End PBXGroup section */

/* Begin PBXNativeTarget section */
		370DAF6624B504B400D4789B /* PDFAndImageViewer */ = {
			isa = PBXNativeTarget;
			buildConfigurationList = 370DAF7B24B504B700D4789B /* Build configuration list for PBXNativeTarget "PDFAndImageViewer" */;
			buildPhases = (
				370DAF6324B504B400D4789B /* Sources */,
				370DAF6424B504B400D4789B /* Frameworks */,
				370DAF6524B504B400D4789B /* Resources */,
			);
			buildRules = (
			);
			dependencies = (
			);
			name = PDFAndImageViewer;
			productName = PDFAndImageViewer;
			productReference = 370DAF6724B504B400D4789B /* PDFAndImageViewer.app */;
			productType = "com.apple.product-type.application";
		};
/* End PBXNativeTarget section */

/* Begin PBXProject section */
		370DAF5F24B504B400D4789B /* Project object */ = {
			isa = PBXProject;
			attributes = {
				LastSwiftUpdateCheck = 1150;
				LastUpgradeCheck = 1150;
				ORGANIZATIONNAME = "Marlon Raskin";
				TargetAttributes = {
					370DAF6624B504B400D4789B = {
						CreatedOnToolsVersion = 11.5;
					};
				};
			};
			buildConfigurationList = 370DAF6224B504B400D4789B /* Build configuration list for PBXProject "PDFAndImageViewer" */;
			compatibilityVersion = "Xcode 9.3";
			developmentRegion = en;
			hasScannedForEncodings = 0;
			knownRegions = (
				en,
				Base,
			);
			mainGroup = 370DAF5E24B504B400D4789B;
			productRefGroup = 370DAF6824B504B400D4789B /* Products */;
			projectDirPath = "";
			projectRoot = "";
			targets = (
				370DAF6624B504B400D4789B /* PDFAndImageViewer */,
			);
		};
/* End PBXProject section */

/* Begin PBXResourcesBuildPhase section */
		370DAF6524B504B400D4789B /* Resources */ = {
			isa = PBXResourcesBuildPhase;
			buildActionMask = 2147483647;
			files = (
				370DAF7724B504B700D4789B /* LaunchScreen.storyboard in Resources */,
				370DAF7424B504B700D4789B /* Preview Assets.xcassets in Resources */,
				370DAF7124B504B700D4789B /* Assets.xcassets in Resources */,
			);
			runOnlyForDeploymentPostprocessing = 0;
		};
/* End PBXResourcesBuildPhase section */

/* Begin PBXSourcesBuildPhase section */
		370DAF6324B504B400D4789B /* Sources */ = {
			isa = PBXSourcesBuildPhase;
			buildActionMask = 2147483647;
			files = (
				3795A16F24B50EB500AF265A /* PhotoViewer.swift in Sources */,
				3795A17324B6147D00AF265A /* PageView.swift in Sources */,
				3795A17724B61DA100AF265A /* PageIndicatorButton.swift in Sources */,
				3795A17124B51A4900AF265A /* PinchToZoom.swift in Sources */,
				370DAF6B24B504B400D4789B /* AppDelegate.swift in Sources */,
				3795A17524B6151D00AF265A /* SwiperView.swift in Sources */,
				370DAF6D24B504B400D4789B /* SceneDelegate.swift in Sources */,
				370DAF6F24B504B400D4789B /* ContentView.swift in Sources */,
			);
			runOnlyForDeploymentPostprocessing = 0;
		};
/* End PBXSourcesBuildPhase section */

/* Begin PBXVariantGroup section */
		370DAF7524B504B700D4789B /* LaunchScreen.storyboard */ = {
			isa = PBXVariantGroup;
			children = (
				370DAF7624B504B700D4789B /* Base */,
			);
			name = LaunchScreen.storyboard;
			sourceTree = "<group>";
		};
/* End PBXVariantGroup section */

/* Begin XCBuildConfiguration section */
		370DAF7924B504B700D4789B /* Debug */ = {
			isa = XCBuildConfiguration;
			buildSettings = {
				ALWAYS_SEARCH_USER_PATHS = NO;
				CLANG_ANALYZER_NONNULL = YES;
				CLANG_ANALYZER_NUMBER_OBJECT_CONVERSION = YES_AGGRESSIVE;
				CLANG_CXX_LANGUAGE_STANDARD = "gnu++14";
				CLANG_CXX_LIBRARY = "libc++";
				CLANG_ENABLE_MODULES = YES;
				CLANG_ENABLE_OBJC_ARC = YES;
				CLANG_ENABLE_OBJC_WEAK = YES;
				CLANG_WARN_BLOCK_CAPTURE_AUTORELEASING = YES;
				CLANG_WARN_BOOL_CONVERSION = YES;
				CLANG_WARN_COMMA = YES;
				CLANG_WARN_CONSTANT_CONVERSION = YES;
				CLANG_WARN_DEPRECATED_OBJC_IMPLEMENTATIONS = YES;
				CLANG_WARN_DIRECT_OBJC_ISA_USAGE = YES_ERROR;
				CLANG_WARN_DOCUMENTATION_COMMENTS = YES;
				CLANG_WARN_EMPTY_BODY = YES;
				CLANG_WARN_ENUM_CONVERSION = YES;
				CLANG_WARN_INFINITE_RECURSION = YES;
				CLANG_WARN_INT_CONVERSION = YES;
				CLANG_WARN_NON_LITERAL_NULL_CONVERSION = YES;
				CLANG_WARN_OBJC_IMPLICIT_RETAIN_SELF = YES;
				CLANG_WARN_OBJC_LITERAL_CONVERSION = YES;
				CLANG_WARN_OBJC_ROOT_CLASS = YES_ERROR;
				CLANG_WARN_RANGE_LOOP_ANALYSIS = YES;
				CLANG_WARN_STRICT_PROTOTYPES = YES;
				CLANG_WARN_SUSPICIOUS_MOVE = YES;
				CLANG_WARN_UNGUARDED_AVAILABILITY = YES_AGGRESSIVE;
				CLANG_WARN_UNREACHABLE_CODE = YES;
				CLANG_WARN__DUPLICATE_METHOD_MATCH = YES;
				COPY_PHASE_STRIP = NO;
				DEBUG_INFORMATION_FORMAT = dwarf;
				ENABLE_STRICT_OBJC_MSGSEND = YES;
				ENABLE_TESTABILITY = YES;
				GCC_C_LANGUAGE_STANDARD = gnu11;
				GCC_DYNAMIC_NO_PIC = NO;
				GCC_NO_COMMON_BLOCKS = YES;
				GCC_OPTIMIZATION_LEVEL = 0;
				GCC_PREPROCESSOR_DEFINITIONS = (
					"DEBUG=1",
					"$(inherited)",
				);
				GCC_WARN_64_TO_32_BIT_CONVERSION = YES;
				GCC_WARN_ABOUT_RETURN_TYPE = YES_ERROR;
				GCC_WARN_UNDECLARED_SELECTOR = YES;
				GCC_WARN_UNINITIALIZED_AUTOS = YES_AGGRESSIVE;
				GCC_WARN_UNUSED_FUNCTION = YES;
				GCC_WARN_UNUSED_VARIABLE = YES;
				IPHONEOS_DEPLOYMENT_TARGET = 13.5;
				MTL_ENABLE_DEBUG_INFO = INCLUDE_SOURCE;
				MTL_FAST_MATH = YES;
				ONLY_ACTIVE_ARCH = YES;
				SDKROOT = iphoneos;
				SWIFT_ACTIVE_COMPILATION_CONDITIONS = DEBUG;
				SWIFT_OPTIMIZATION_LEVEL = "-Onone";
			};
			name = Debug;
		};
		370DAF7A24B504B700D4789B /* Release */ = {
			isa = XCBuildConfiguration;
			buildSettings = {
				ALWAYS_SEARCH_USER_PATHS = NO;
				CLANG_ANALYZER_NONNULL = YES;
				CLANG_ANALYZER_NUMBER_OBJECT_CONVERSION = YES_AGGRESSIVE;
				CLANG_CXX_LANGUAGE_STANDARD = "gnu++14";
				CLANG_CXX_LIBRARY = "libc++";
				CLANG_ENABLE_MODULES = YES;
				CLANG_ENABLE_OBJC_ARC = YES;
				CLANG_ENABLE_OBJC_WEAK = YES;
				CLANG_WARN_BLOCK_CAPTURE_AUTORELEASING = YES;
				CLANG_WARN_BOOL_CONVERSION = YES;
				CLANG_WARN_COMMA = YES;
				CLANG_WARN_CONSTANT_CONVERSION = YES;
				CLANG_WARN_DEPRECATED_OBJC_IMPLEMENTATIONS = YES;
				CLANG_WARN_DIRECT_OBJC_ISA_USAGE = YES_ERROR;
				CLANG_WARN_DOCUMENTATION_COMMENTS = YES;
				CLANG_WARN_EMPTY_BODY = YES;
				CLANG_WARN_ENUM_CONVERSION = YES;
				CLANG_WARN_INFINITE_RECURSION = YES;
				CLANG_WARN_INT_CONVERSION = YES;
				CLANG_WARN_NON_LITERAL_NULL_CONVERSION = YES;
				CLANG_WARN_OBJC_IMPLICIT_RETAIN_SELF = YES;
				CLANG_WARN_OBJC_LITERAL_CONVERSION = YES;
				CLANG_WARN_OBJC_ROOT_CLASS = YES_ERROR;
				CLANG_WARN_RANGE_LOOP_ANALYSIS = YES;
				CLANG_WARN_STRICT_PROTOTYPES = YES;
				CLANG_WARN_SUSPICIOUS_MOVE = YES;
				CLANG_WARN_UNGUARDED_AVAILABILITY = YES_AGGRESSIVE;
				CLANG_WARN_UNREACHABLE_CODE = YES;
				CLANG_WARN__DUPLICATE_METHOD_MATCH = YES;
				COPY_PHASE_STRIP = NO;
				DEBUG_INFORMATION_FORMAT = "dwarf-with-dsym";
				ENABLE_NS_ASSERTIONS = NO;
				ENABLE_STRICT_OBJC_MSGSEND = YES;
				GCC_C_LANGUAGE_STANDARD = gnu11;
				GCC_NO_COMMON_BLOCKS = YES;
				GCC_WARN_64_TO_32_BIT_CONVERSION = YES;
				GCC_WARN_ABOUT_RETURN_TYPE = YES_ERROR;
				GCC_WARN_UNDECLARED_SELECTOR = YES;
				GCC_WARN_UNINITIALIZED_AUTOS = YES_AGGRESSIVE;
				GCC_WARN_UNUSED_FUNCTION = YES;
				GCC_WARN_UNUSED_VARIABLE = YES;
				IPHONEOS_DEPLOYMENT_TARGET = 13.5;
				MTL_ENABLE_DEBUG_INFO = NO;
				MTL_FAST_MATH = YES;
				SDKROOT = iphoneos;
				SWIFT_COMPILATION_MODE = wholemodule;
				SWIFT_OPTIMIZATION_LEVEL = "-O";
				VALIDATE_PRODUCT = YES;
			};
			name = Release;
		};
		370DAF7C24B504B700D4789B /* Debug */ = {
			isa = XCBuildConfiguration;
			buildSettings = {
				ASSETCATALOG_COMPILER_APPICON_NAME = AppIcon;
				CODE_SIGN_STYLE = Automatic;
				DEVELOPMENT_ASSET_PATHS = "\"PDFAndImageViewer/Preview Content\"";
				DEVELOPMENT_TEAM = D6VB3396MT;
				ENABLE_PREVIEWS = YES;
				INFOPLIST_FILE = PDFAndImageViewer/System/Info.plist;
				LD_RUNPATH_SEARCH_PATHS = (
					"$(inherited)",
					"@executable_path/Frameworks",
				);
				PRODUCT_BUNDLE_IDENTIFIER = com.marlonraskin.PDFAndImageViewer;
				PRODUCT_NAME = "$(TARGET_NAME)";
				SWIFT_VERSION = 5.0;
				TARGETED_DEVICE_FAMILY = "1,2";
			};
			name = Debug;
		};
		370DAF7D24B504B700D4789B /* Release */ = {
			isa = XCBuildConfiguration;
			buildSettings = {
				ASSETCATALOG_COMPILER_APPICON_NAME = AppIcon;
				CODE_SIGN_STYLE = Automatic;
				DEVELOPMENT_ASSET_PATHS = "\"PDFAndImageViewer/Preview Content\"";
				DEVELOPMENT_TEAM = D6VB3396MT;
				ENABLE_PREVIEWS = YES;
				INFOPLIST_FILE = PDFAndImageViewer/System/Info.plist;
				LD_RUNPATH_SEARCH_PATHS = (
					"$(inherited)",
					"@executable_path/Frameworks",
				);
				PRODUCT_BUNDLE_IDENTIFIER = com.marlonraskin.PDFAndImageViewer;
				PRODUCT_NAME = "$(TARGET_NAME)";
				SWIFT_VERSION = 5.0;
				TARGETED_DEVICE_FAMILY = "1,2";
			};
			name = Release;
		};
/* End XCBuildConfiguration section */

/* Begin XCConfigurationList section */
		370DAF6224B504B400D4789B /* Build configuration list for PBXProject "PDFAndImageViewer" */ = {
			isa = XCConfigurationList;
			buildConfigurations = (
				370DAF7924B504B700D4789B /* Debug */,
				370DAF7A24B504B700D4789B /* Release */,
			);
			defaultConfigurationIsVisible = 0;
			defaultConfigurationName = Release;
		};
		370DAF7B24B504B700D4789B /* Build configuration list for PBXNativeTarget "PDFAndImageViewer" */ = {
			isa = XCConfigurationList;
			buildConfigurations = (
				370DAF7C24B504B700D4789B /* Debug */,
				370DAF7D24B504B700D4789B /* Release */,
			);
			defaultConfigurationIsVisible = 0;
			defaultConfigurationName = Release;
		};
/* End XCConfigurationList section */
	};
	rootObject = 370DAF5F24B504B400D4789B /* Project object */;
}
